
Microsoft Visual Studio Solution File, Format Version 12.00
# Visual Studio Version 16
VisualStudioVersion = 16.0.29209.62
MinimumVisualStudioVersion = 10.0.40219.1
Project("{FAE04EC0-301F-11D3-BF4B-00C04F79EFBC}") = "ApiProducto", "ApiProducto\ApiProducto.csproj", "{9F30A5FE-682C-46A9-B108-E824F07273E5}"
EndProject
Project("{FAE04EC0-301F-11D3-BF4B-00C04F79EFBC}") = "CapaDatos", "CapaDatos\CapaDatos.csproj", "{0D3E4819-0C7E-449D-95AF-99E70DB32E14}"
EndProject
Global
	GlobalSection(SolutionConfigurationPlatforms) = preSolution
		Debug|Any CPU = Debug|Any CPU
		Release|Any CPU = Release|Any CPU
	EndGlobalSection
	GlobalSection(ProjectConfigurationPlatforms) = postSolution
		{9F30A5FE-682C-46A9-B108-E824F07273E5}.Debug|Any CPU.ActiveCfg = Debug|Any CPU
		{9F30A5FE-682C-46A9-B108-E824F07273E5}.Debug|Any CPU.Build.0 = Debug|Any CPU
		{9F30A5FE-682C-46A9-B108-E824F07273E5}.Release|Any CPU.ActiveCfg = Release|Any CPU
		{9F30A5FE-682C-46A9-B108-E824F07273E5}.Release|Any CPU.Build.0 = Release|Any CPU
		{0D3E4819-0C7E-449D-95AF-99E70DB32E14}.Debug|Any CPU.ActiveCfg = Debug|Any CPU
		{0D3E4819-0C7E-449D-95AF-99E70DB32E14}.Debug|Any CPU.Build.0 = Debug|Any CPU
		{0D3E4819-0C7E-449D-95AF-99E70DB32E14}.Release|Any CPU.ActiveCfg = Release|Any CPU
		{0D3E4819-0C7E-449D-95AF-99E70DB32E14}.Release|Any CPU.Build.0 = Release|Any CPU
	EndGlobalSection
	GlobalSection(SolutionProperties) = preSolution
		HideSolutionNode = FALSE
	EndGlobalSection
	GlobalSection(ExtensibilityGlobals) = postSolution
		SolutionGuid = {EEB575BD-1275-4B88-A59B-A8A99BAABA5B}
	EndGlobalSection
EndGlobal
